{
  "version": 4,
  "terraform_version": "1.9.4",
  "serial": 23,
  "lineage": "907fe7e4-23ca-f2be-d429-949fdab07c15",
  "outputs": {
    "my_password": {
      "value": "@QGYdA",
      "type": "string",
      "sensitive": true
    },
    "user_name": {
      "value": "unique-swift",
      "type": "string"
    }
  },
  "resources": [
    {
      "mode": "managed",
      "type": "random_password",
      "name": "my_password",
      "provider": "provider[\"registry.terraform.io/hashicorp/random\"]",
      "instances": [
        {
          "schema_version": 3,
          "attributes": {
            "bcrypt_hash": "$2a$10$BKAFeHYs5ibCSfWOVChqsuqefxzh2xJ8ca/Xm0xvUN2HQmktAYVwC",
            "id": "none",
            "keepers": null,
            "length": 6,
            "lower": true,
            "min_lower": 0,
            "min_numeric": 0,
            "min_special": 0,
            "min_upper": 0,
            "number": true,
            "numeric": true,
            "override_special": null,
            "result": "@QGYdA",
            "special": true,
            "upper": true
          },
          "sensitive_attributes": [
            [
              {
                "type": "get_attr",
                "value": "result"
              }
            ],
            [
              {
                "type": "get_attr",
                "value": "bcrypt_hash"
              }
            ]
          ]
        }
      ]
    },
    {
      "mode": "managed",
      "type": "random_pet",
      "name": "my_username",
      "provider": "provider[\"registry.terraform.io/hashicorp/random\"]",
      "instances": [
        {
          "schema_version": 0,
          "attributes": {
            "id": "unique-swift",
            "keepers": null,
            "length": 2,
            "prefix": null,
            "separator": "-"
          },
          "sensitive_attributes": []
        }
      ]
    }
  ],
  "check_results": null
}
