{
  "version": 4,
  "terraform_version": "1.9.4",
  "serial": 21,
  "lineage": "907fe7e4-23ca-f2be-d429-949fdab07c15",
  "outputs": {
    "my_password": {
      "value": "2v7mJ[",
      "type": "string",
      "sensitive": true
    },
    "user_name": {
      "value": "unique-swift",
      "type": "string"
    }
  },
  "resources": [
    {
      "mode": "managed",
      "type": "random_pet",
      "name": "my_username",
      "provider": "provider[\"registry.terraform.io/hashicorp/random\"]",
      "instances": [
        {
          "schema_version": 0,
          "attributes": {
            "id": "unique-swift",
            "keepers": null,
            "length": 2,
            "prefix": null,
            "separator": "-"
          },
          "sensitive_attributes": []
        }
      ]
    }
  ],
  "check_results": null
}
